# This file is generated by running "yarn install" inside your project.
# Manual changes might be lost - proceed with caution!

__metadata:
  version: 8
  cacheKey: 10

"app@workspace:.":
  version: 0.0.0-use.local
  resolution: "app@workspace:."
  dependencies:
    pngjs: "npm:^7.0.0"
    typescript: "npm:^5.9.2"
  languageName: unknown
  linkType: soft

"pngjs@npm:^7.0.0":
  version: 7.0.0
  resolution: "pngjs@npm:7.0.0"
  checksum: 10/e843ebbb0df092ee0f3a3e7dbd91ff87a239a4e4c4198fff202916bfb33b67622f4b83b3c29f3ccae94fcb97180c289df06068624554f61686fe6b9a4811f7db
  languageName: node
  linkType: hard

"typescript@npm:^5.9.2":
  version: 5.9.2
  resolution: "typescript@npm:5.9.2"
  bin:
    tsc: bin/tsc
    tsserver: bin/tsserver
  checksum: 10/cc2fe6c822819de5d453fa25aa9f32096bf70dde215d481faa1ad84a283dfb264e33988ed8f6d36bc803dd0b16dbe943efa311a798ef76d5b3892a05dfbfd628
  languageName: node
  linkType: hard

"typescript@patch:typescript@npm%3A^5.9.2#optional!builtin<compat/typescript>":
  version: 5.9.2
  resolution: "typescript@patch:typescript@npm%3A5.9.2#optional!builtin<compat/typescript>::version=5.9.2&hash=5786d5"
  bin:
    tsc: bin/tsc
    tsserver: bin/tsserver
  checksum: 10/bd810ab13e8e557225a8b5122370385440b933e4e077d5c7641a8afd207fdc8be9c346e3c678adba934b64e0e70b0acf5eef9493ea05170a48ce22bef845fdc7
  languageName: node
  linkType: hard
